
Microsoft Visual Studio Solution File, Format Version 12.00
# Visual Studio Version 16
VisualStudioVersion = 16.0.31112.23
MinimumVisualStudioVersion = 10.0.40219.1
Project("{FAE04EC0-301F-11D3-BF4B-00C04F79EFBC}") = "DiscordQR", "DiscordQR\DiscordQR.csproj", "{8A226642-00E2-437B-863F-6B5EB7BD12B9}"
EndProject
Global
	GlobalSection(SolutionConfigurationPlatforms) = preSolution
		Debug|Any CPU = Debug|Any CPU
		Release|Any CPU = Release|Any CPU
	EndGlobalSection
	GlobalSection(ProjectConfigurationPlatforms) = postSolution
		{8A226642-00E2-437B-863F-6B5EB7BD12B9}.Debug|Any CPU.ActiveCfg = Debug|Any CPU
		{8A226642-00E2-437B-863F-6B5EB7BD12B9}.Debug|Any CPU.Build.0 = Debug|Any CPU
		{8A226642-00E2-437B-863F-6B5EB7BD12B9}.Release|Any CPU.ActiveCfg = Release|Any CPU
		{8A226642-00E2-437B-863F-6B5EB7BD12B9}.Release|Any CPU.Build.0 = Release|Any CPU
	EndGlobalSection
	GlobalSection(SolutionProperties) = preSolution
		HideSolutionNode = FALSE
	EndGlobalSection
	GlobalSection(ExtensibilityGlobals) = postSolution
		SolutionGuid = {A2048BB1-A636-465A-A09A-D502F62CE9F3}
	EndGlobalSection
EndGlobal
